// !$*UTF8*$!
{
	archiveVersion = 1;
	classes = {
	};
	objectVersion = 51;
	objects = {

/* Begin PBXBuildFile section */
		667FA673871A0FC66D107F0E /* Pods_Therap_Test.framework in Frameworks */ = {isa = PBXBuildFile; fileRef = 44DC7D53B6F5268A540EF466 /* Pods_Therap_Test.framework */; };
		BCAC22DC25F1F0DC0057D64A /* AppDelegate.swift in Sources */ = {isa = PBXBuildFile; fileRef = BCAC22DB25F1F0DC0057D64A /* AppDelegate.swift */; };
		BCAC22DE25F1F0DC0057D64A /* SceneDelegate.swift in Sources */ = {isa = PBXBuildFile; fileRef = BCAC22DD25F1F0DC0057D64A /* SceneDelegate.swift */; };
		BCAC22E025F1F0DC0057D64A /* HomeVC.swift in Sources */ = {isa = PBXBuildFile; fileRef = BCAC22DF25F1F0DC0057D64A /* HomeVC.swift */; };
		BCAC22E325F1F0DC0057D64A /* Main.storyboard in Resources */ = {isa = PBXBuildFile; fileRef = BCAC22E125F1F0DC0057D64A /* Main.storyboard */; };
		BCAC22E525F1F0DC0057D64A /* Assets.xcassets in Resources */ = {isa = PBXBuildFile; fileRef = BCAC22E425F1F0DC0057D64A /* Assets.xcassets */; };
		BCAC22E825F1F0DC0057D64A /* LaunchScreen.storyboard in Resources */ = {isa = PBXBuildFile; fileRef = BCAC22E625F1F0DC0057D64A /* LaunchScreen.storyboard */; };
		BCAC22FB25F1F16E0057D64A /* Extension.swift in Sources */ = {isa = PBXBuildFile; fileRef = BCAC22FA25F1F16E0057D64A /* Extension.swift */; };
		BCAC230325F1F5DA0057D64A /* Home.storyboard in Resources */ = {isa = PBXBuildFile; fileRef = BCAC230225F1F5D90057D64A /* Home.storyboard */; };
		BCAC230625F1F5E70057D64A /* Favourites.storyboard in Resources */ = {isa = PBXBuildFile; fileRef = BCAC230525F1F5E70057D64A /* Favourites.storyboard */; };
		BCAC230925F1F5FB0057D64A /* Notes.storyboard in Resources */ = {isa = PBXBuildFile; fileRef = BCAC230825F1F5FA0057D64A /* Notes.storyboard */; };
		BCAC230D25F1F6510057D64A /* FavouritesVC.swift in Sources */ = {isa = PBXBuildFile; fileRef = BCAC230C25F1F6510057D64A /* FavouritesVC.swift */; };
		BCAC231225F1F6740057D64A /* NotesVC.swift in Sources */ = {isa = PBXBuildFile; fileRef = BCAC231125F1F6740057D64A /* NotesVC.swift */; };
		BCAC231925F1FBF40057D64A /* Webservices.swift in Sources */ = {isa = PBXBuildFile; fileRef = BCAC231825F1FBF40057D64A /* Webservices.swift */; };
		BCAC232225F1FF050057D64A /* GitInfo.swift in Sources */ = {isa = PBXBuildFile; fileRef = BCAC232125F1FF050057D64A /* GitInfo.swift */; };
		BCAC232525F204E10057D64A /* HomeView.swift in Sources */ = {isa = PBXBuildFile; fileRef = BCAC232425F204E10057D64A /* HomeView.swift */; };
		BCAC234D25F21C680057D64A /* Therap_Test.xcdatamodeld in Sources */ = {isa = PBXBuildFile; fileRef = BCAC234B25F21C680057D64A /* Therap_Test.xcdatamodeld */; };
		BCAC235025F21FBD0057D64A /* Constants.swift in Sources */ = {isa = PBXBuildFile; fileRef = BCAC234F25F21FBD0057D64A /* Constants.swift */; };
/* End PBXBuildFile section */

/* Begin PBXFileReference section */
		0B002D1CCA38150E9205AE8A /* Pods-Therap_Test.release.xcconfig */ = {isa = PBXFileReference; includeInIndex = 1; lastKnownFileType = text.xcconfig; name = "Pods-Therap_Test.release.xcconfig"; path = "Target Support Files/Pods-Therap_Test/Pods-Therap_Test.release.xcconfig"; sourceTree = "<group>"; };
		44DC7D53B6F5268A540EF466 /* Pods_Therap_Test.framework */ = {isa = PBXFileReference; explicitFileType = wrapper.framework; includeInIndex = 0; path = Pods_Therap_Test.framework; sourceTree = BUILT_PRODUCTS_DIR; };
		775FC57AA722C0227E9BDA7B /* Pods-Therap_Test.debug.xcconfig */ = {isa = PBXFileReference; includeInIndex = 1; lastKnownFileType = text.xcconfig; name = "Pods-Therap_Test.debug.xcconfig"; path = "Target Support Files/Pods-Therap_Test/Pods-Therap_Test.debug.xcconfig"; sourceTree = "<group>"; };
		BCAC22D825F1F0DC0057D64A /* Therap_Test.app */ = {isa = PBXFileReference; explicitFileType = wrapper.application; includeInIndex = 0; path = Therap_Test.app; sourceTree = BUILT_PRODUCTS_DIR; };
		BCAC22DB25F1F0DC0057D64A /* AppDelegate.swift */ = {isa = PBXFileReference; lastKnownFileType = sourcecode.swift; path = AppDelegate.swift; sourceTree = "<group>"; };
		BCAC22DD25F1F0DC0057D64A /* SceneDelegate.swift */ = {isa = PBXFileReference; lastKnownFileType = sourcecode.swift; path = SceneDelegate.swift; sourceTree = "<group>"; };
		BCAC22DF25F1F0DC0057D64A /* HomeVC.swift */ = {isa = PBXFileReference; lastKnownFileType = sourcecode.swift; path = HomeVC.swift; sourceTree = "<group>"; };
		BCAC22E225F1F0DC0057D64A /* Base */ = {isa = PBXFileReference; lastKnownFileType = file.storyboard; name = Base; path = Base.lproj/Main.storyboard; sourceTree = "<group>"; };
		BCAC22E425F1F0DC0057D64A /* Assets.xcassets */ = {isa = PBXFileReference; lastKnownFileType = folder.assetcatalog; path = Assets.xcassets; sourceTree = "<group>"; };
		BCAC22E725F1F0DC0057D64A /* Base */ = {isa = PBXFileReference; lastKnownFileType = file.storyboard; name = Base; path = Base.lproj/LaunchScreen.storyboard; sourceTree = "<group>"; };
		BCAC22E925F1F0DC0057D64A /* Info.plist */ = {isa = PBXFileReference; lastKnownFileType = text.plist.xml; path = Info.plist; sourceTree = "<group>"; };
		BCAC22FA25F1F16E0057D64A /* Extension.swift */ = {isa = PBXFileReference; lastKnownFileType = sourcecode.swift; path = Extension.swift; sourceTree = "<group>"; };
		BCAC230225F1F5D90057D64A /* Home.storyboard */ = {isa = PBXFileReference; lastKnownFileType = file.storyboard; path = Home.storyboard; sourceTree = "<group>"; };
		BCAC230525F1F5E70057D64A /* Favourites.storyboard */ = {isa = PBXFileReference; lastKnownFileType = file.storyboard; path = Favourites.storyboard; sourceTree = "<group>"; };
		BCAC230825F1F5FA0057D64A /* Notes.storyboard */ = {isa = PBXFileReference; lastKnownFileType = file.storyboard; path = Notes.storyboard; sourceTree = "<group>"; };
		BCAC230C25F1F6510057D64A /* FavouritesVC.swift */ = {isa = PBXFileReference; lastKnownFileType = sourcecode.swift; path = FavouritesVC.swift; sourceTree = "<group>"; };
		BCAC231125F1F6740057D64A /* NotesVC.swift */ = {isa = PBXFileReference; lastKnownFileType = sourcecode.swift; path = NotesVC.swift; sourceTree = "<group>"; };
		BCAC231825F1FBF40057D64A /* Webservices.swift */ = {isa = PBXFileReference; lastKnownFileType = sourcecode.swift; path = Webservices.swift; sourceTree = "<group>"; };
		BCAC232125F1FF050057D64A /* GitInfo.swift */ = {isa = PBXFileReference; lastKnownFileType = sourcecode.swift; path = GitInfo.swift; sourceTree = "<group>"; };
		BCAC232425F204E10057D64A /* HomeView.swift */ = {isa = PBXFileReference; lastKnownFileType = sourcecode.swift; path = HomeView.swift; sourceTree = "<group>"; };
		BCAC234C25F21C680057D64A /* Therap_Test.xcdatamodel */ = {isa = PBXFileReference; lastKnownFileType = wrapper.xcdatamodel; path = Therap_Test.xcdatamodel; sourceTree = "<group>"; };
		BCAC234F25F21FBD0057D64A /* Constants.swift */ = {isa = PBXFileReference; lastKnownFileType = sourcecode.swift; path = Constants.swift; sourceTree = "<group>"; };
/* End PBXFileReference section */

/* Begin PBXFrameworksBuildPhase section */
		BCAC22D525F1F0DC0057D64A /* Frameworks */ = {
			isa = PBXFrameworksBuildPhase;
			buildActionMask = 2147483647;
			files = (
				667FA673871A0FC66D107F0E /* Pods_Therap_Test.framework in Frameworks */,
			);
			runOnlyForDeploymentPostprocessing = 0;
		};
/* End PBXFrameworksBuildPhase section */

/* Begin PBXGroup section */
		4011A3D213F9620A11DF2511 /* Pods */ = {
			isa = PBXGroup;
			children = (
				775FC57AA722C0227E9BDA7B /* Pods-Therap_Test.debug.xcconfig */,
				0B002D1CCA38150E9205AE8A /* Pods-Therap_Test.release.xcconfig */,
			);
			path = Pods;
			sourceTree = "<group>";
		};
		B05839039EF170C015DB4696 /* Frameworks */ = {
			isa = PBXGroup;
			children = (
				44DC7D53B6F5268A540EF466 /* Pods_Therap_Test.framework */,
			);
			name = Frameworks;
			sourceTree = "<group>";
		};
		BCAC22CF25F1F0DC0057D64A = {
			isa = PBXGroup;
			children = (
				BCAC22DA25F1F0DC0057D64A /* Therap_Test */,
				BCAC22D925F1F0DC0057D64A /* Products */,
				4011A3D213F9620A11DF2511 /* Pods */,
				B05839039EF170C015DB4696 /* Frameworks */,
			);
			sourceTree = "<group>";
		};
		BCAC22D925F1F0DC0057D64A /* Products */ = {
			isa = PBXGroup;
			children = (
				BCAC22D825F1F0DC0057D64A /* Therap_Test.app */,
			);
			name = Products;
			sourceTree = "<group>";
		};
		BCAC22DA25F1F0DC0057D64A /* Therap_Test */ = {
			isa = PBXGroup;
			children = (
				BCAC22F525F1F10C0057D64A /* App_Essentials */,
				BCAC22F025F1F0E30057D64A /* Model */,
				BCAC22F225F1F0EA0057D64A /* View */,
				BCAC22F425F1F0FE0057D64A /* Controller */,
				BCAC22F625F1F1150057D64A /* Helper */,
				BCAC22F725F1F11A0057D64A /* Resources */,
				BCAC234B25F21C680057D64A /* Therap_Test.xcdatamodeld */,
			);
			path = Therap_Test;
			sourceTree = "<group>";
		};
		BCAC22F025F1F0E30057D64A /* Model */ = {
			isa = PBXGroup;
			children = (
				BCAC231825F1FBF40057D64A /* Webservices.swift */,
				BCAC232125F1FF050057D64A /* GitInfo.swift */,
			);
			path = Model;
			sourceTree = "<group>";
		};
		BCAC22F225F1F0EA0057D64A /* View */ = {
			isa = PBXGroup;
			children = (
				BCAC22F925F1F1550057D64A /* Programatically_created */,
				BCAC22F825F1F14A0057D64A /* Storyboards */,
			);
			path = View;
			sourceTree = "<group>";
		};
		BCAC22F425F1F0FE0057D64A /* Controller */ = {
			isa = PBXGroup;
			children = (
				BCAC22DF25F1F0DC0057D64A /* HomeVC.swift */,
				BCAC230C25F1F6510057D64A /* FavouritesVC.swift */,
				BCAC231125F1F6740057D64A /* NotesVC.swift */,
			);
			path = Controller;
			sourceTree = "<group>";
		};
		BCAC22F525F1F10C0057D64A /* App_Essentials */ = {
			isa = PBXGroup;
			children = (
				BCAC22DB25F1F0DC0057D64A /* AppDelegate.swift */,
				BCAC22DD25F1F0DC0057D64A /* SceneDelegate.swift */,
				BCAC22E925F1F0DC0057D64A /* Info.plist */,
			);
			path = App_Essentials;
			sourceTree = "<group>";
		};
		BCAC22F625F1F1150057D64A /* Helper */ = {
			isa = PBXGroup;
			children = (
				BCAC22FA25F1F16E0057D64A /* Extension.swift */,
				BCAC234F25F21FBD0057D64A /* Constants.swift */,
			);
			path = Helper;
			sourceTree = "<group>";
		};
		BCAC22F725F1F11A0057D64A /* Resources */ = {
			isa = PBXGroup;
			children = (
				BCAC22E425F1F0DC0057D64A /* Assets.xcassets */,
			);
			path = Resources;
			sourceTree = "<group>";
		};
		BCAC22F825F1F14A0057D64A /* Storyboards */ = {
			isa = PBXGroup;
			children = (
				BCAC230025F1F5AF0057D64A /* Tab_BAR_VCS */,
				BCAC22E125F1F0DC0057D64A /* Main.storyboard */,
				BCAC22E625F1F0DC0057D64A /* LaunchScreen.storyboard */,
			);
			path = Storyboards;
			sourceTree = "<group>";
		};
		BCAC22F925F1F1550057D64A /* Programatically_created */ = {
			isa = PBXGroup;
			children = (
				BCAC232425F204E10057D64A /* HomeView.swift */,
			);
			path = Programatically_created;
			sourceTree = "<group>";
		};
		BCAC230025F1F5AF0057D64A /* Tab_BAR_VCS */ = {
			isa = PBXGroup;
			children = (
				BCAC230225F1F5D90057D64A /* Home.storyboard */,
				BCAC230525F1F5E70057D64A /* Favourites.storyboard */,
				BCAC230825F1F5FA0057D64A /* Notes.storyboard */,
			);
			path = Tab_BAR_VCS;
			sourceTree = "<group>";
		};
/* End PBXGroup section */

/* Begin PBXNativeTarget section */
		BCAC22D725F1F0DC0057D64A /* Therap_Test */ = {
			isa = PBXNativeTarget;
			buildConfigurationList = BCAC22EC25F1F0DC0057D64A /* Build configuration list for PBXNativeTarget "Therap_Test" */;
			buildPhases = (
				5AB08593647C98CAE52AA34A /* [CP] Check Pods Manifest.lock */,
				BCAC22D425F1F0DC0057D64A /* Sources */,
				BCAC22D525F1F0DC0057D64A /* Frameworks */,
				BCAC22D625F1F0DC0057D64A /* Resources */,
				16AA34DFA0D29455711F58C5 /* [CP] Embed Pods Frameworks */,
			);
			buildRules = (
			);
			dependencies = (
			);
			name = Therap_Test;
			productName = Therap_Test;
			productReference = BCAC22D825F1F0DC0057D64A /* Therap_Test.app */;
			productType = "com.apple.product-type.application";
		};
/* End PBXNativeTarget section */

/* Begin PBXProject section */
		BCAC22D025F1F0DC0057D64A /* Project object */ = {
			isa = PBXProject;
			attributes = {
				LastSwiftUpdateCheck = 1240;
				LastUpgradeCheck = 1240;
				TargetAttributes = {
					BCAC22D725F1F0DC0057D64A = {
						CreatedOnToolsVersion = 12.4;
					};
				};
			};
			buildConfigurationList = BCAC22D325F1F0DC0057D64A /* Build configuration list for PBXProject "Therap_Test" */;
			compatibilityVersion = "Xcode 9.3";
			developmentRegion = en;
			hasScannedForEncodings = 0;
			knownRegions = (
				en,
				Base,
			);
			mainGroup = BCAC22CF25F1F0DC0057D64A;
			productRefGroup = BCAC22D925F1F0DC0057D64A /* Products */;
			projectDirPath = "";
			projectRoot = "";
			targets = (
				BCAC22D725F1F0DC0057D64A /* Therap_Test */,
			);
		};
/* End PBXProject section */

/* Begin PBXResourcesBuildPhase section */
		BCAC22D625F1F0DC0057D64A /* Resources */ = {
			isa = PBXResourcesBuildPhase;
			buildActionMask = 2147483647;
			files = (
				BCAC230925F1F5FB0057D64A /* Notes.storyboard in Resources */,
				BCAC22E825F1F0DC0057D64A /* LaunchScreen.storyboard in Resources */,
				BCAC22E525F1F0DC0057D64A /* Assets.xcassets in Resources */,
				BCAC22E325F1F0DC0057D64A /* Main.storyboard in Resources */,
				BCAC230325F1F5DA0057D64A /* Home.storyboard in Resources */,
				BCAC230625F1F5E70057D64A /* Favourites.storyboard in Resources */,
			);
			runOnlyForDeploymentPostprocessing = 0;
		};
/* End PBXResourcesBuildPhase section */

/* Begin PBXShellScriptBuildPhase section */
		16AA34DFA0D29455711F58C5 /* [CP] Embed Pods Frameworks */ = {
			isa = PBXShellScriptBuildPhase;
			buildActionMask = 2147483647;
			files = (
			);
			inputFileListPaths = (
				"${PODS_ROOT}/Target Support Files/Pods-Therap_Test/Pods-Therap_Test-frameworks-${CONFIGURATION}-input-files.xcfilelist",
			);
			name = "[CP] Embed Pods Frameworks";
			outputFileListPaths = (
				"${PODS_ROOT}/Target Support Files/Pods-Therap_Test/Pods-Therap_Test-frameworks-${CONFIGURATION}-output-files.xcfilelist",
			);
			runOnlyForDeploymentPostprocessing = 0;
			shellPath = /bin/sh;
			shellScript = "\"${PODS_ROOT}/Target Support Files/Pods-Therap_Test/Pods-Therap_Test-frameworks.sh\"\n";
			showEnvVarsInLog = 0;
		};
		5AB08593647C98CAE52AA34A /* [CP] Check Pods Manifest.lock */ = {
			isa = PBXShellScriptBuildPhase;
			buildActionMask = 2147483647;
			files = (
			);
			inputFileListPaths = (
			);
			inputPaths = (
				"${PODS_PODFILE_DIR_PATH}/Podfile.lock",
				"${PODS_ROOT}/Manifest.lock",
			);
			name = "[CP] Check Pods Manifest.lock";
			outputFileListPaths = (
			);
			outputPaths = (
				"$(DERIVED_FILE_DIR)/Pods-Therap_Test-checkManifestLockResult.txt",
			);
			runOnlyForDeploymentPostprocessing = 0;
			shellPath = /bin/sh;
			shellScript = "diff \"${PODS_PODFILE_DIR_PATH}/Podfile.lock\" \"${PODS_ROOT}/Manifest.lock\" > /dev/null\nif [ $? != 0 ] ; then\n    # print error to STDERR\n    echo \"error: The sandbox is not in sync with the Podfile.lock. Run 'pod install' or update your CocoaPods installation.\" >&2\n    exit 1\nfi\n# This output is used by Xcode 'outputs' to avoid re-running this script phase.\necho \"SUCCESS\" > \"${SCRIPT_OUTPUT_FILE_0}\"\n";
			showEnvVarsInLog = 0;
		};
/* End PBXShellScriptBuildPhase section */

/* Begin PBXSourcesBuildPhase section */
		BCAC22D425F1F0DC0057D64A /* Sources */ = {
			isa = PBXSourcesBuildPhase;
			buildActionMask = 2147483647;
			files = (
				BCAC232525F204E10057D64A /* HomeView.swift in Sources */,
				BCAC232225F1FF050057D64A /* GitInfo.swift in Sources */,
				BCAC231925F1FBF40057D64A /* Webservices.swift in Sources */,
				BCAC22E025F1F0DC0057D64A /* HomeVC.swift in Sources */,
				BCAC235025F21FBD0057D64A /* Constants.swift in Sources */,
				BCAC230D25F1F6510057D64A /* FavouritesVC.swift in Sources */,
				BCAC22DC25F1F0DC0057D64A /* AppDelegate.swift in Sources */,
				BCAC22DE25F1F0DC0057D64A /* SceneDelegate.swift in Sources */,
				BCAC231225F1F6740057D64A /* NotesVC.swift in Sources */,
				BCAC22FB25F1F16E0057D64A /* Extension.swift in Sources */,
				BCAC234D25F21C680057D64A /* Therap_Test.xcdatamodeld in Sources */,
			);
			runOnlyForDeploymentPostprocessing = 0;
		};
/* End PBXSourcesBuildPhase section */

/* Begin PBXVariantGroup section */
		BCAC22E125F1F0DC0057D64A /* Main.storyboard */ = {
			isa = PBXVariantGroup;
			children = (
				BCAC22E225F1F0DC0057D64A /* Base */,
			);
			name = Main.storyboard;
			sourceTree = "<group>";
		};
		BCAC22E625F1F0DC0057D64A /* LaunchScreen.storyboard */ = {
			isa = PBXVariantGroup;
			children = (
				BCAC22E725F1F0DC0057D64A /* Base */,
			);
			name = LaunchScreen.storyboard;
			sourceTree = "<group>";
		};
/* End PBXVariantGroup section */

/* Begin XCBuildConfiguration section */
		BCAC22EA25F1F0DC0057D64A /* Debug */ = {
			isa = XCBuildConfiguration;
			buildSettings = {
				ALWAYS_SEARCH_USER_PATHS = NO;
				CLANG_ANALYZER_NONNULL = YES;
				CLANG_ANALYZER_NUMBER_OBJECT_CONVERSION = YES_AGGRESSIVE;
				CLANG_CXX_LANGUAGE_STANDARD = "gnu++14";
				CLANG_CXX_LIBRARY = "libc++";
				CLANG_ENABLE_MODULES = YES;
				CLANG_ENABLE_OBJC_ARC = YES;
				CLANG_ENABLE_OBJC_WEAK = YES;
				CLANG_WARN_BLOCK_CAPTURE_AUTORELEASING = YES;
				CLANG_WARN_BOOL_CONVERSION = YES;
				CLANG_WARN_COMMA = YES;
				CLANG_WARN_CONSTANT_CONVERSION = YES;
				CLANG_WARN_DEPRECATED_OBJC_IMPLEMENTATIONS = YES;
				CLANG_WARN_DIRECT_OBJC_ISA_USAGE = YES_ERROR;
				CLANG_WARN_DOCUMENTATION_COMMENTS = YES;
				CLANG_WARN_EMPTY_BODY = YES;
				CLANG_WARN_ENUM_CONVERSION = YES;
				CLANG_WARN_INFINITE_RECURSION = YES;
				CLANG_WARN_INT_CONVERSION = YES;
				CLANG_WARN_NON_LITERAL_NULL_CONVERSION = YES;
				CLANG_WARN_OBJC_IMPLICIT_RETAIN_SELF = YES;
				CLANG_WARN_OBJC_LITERAL_CONVERSION = YES;
				CLANG_WARN_OBJC_ROOT_CLASS = YES_ERROR;
				CLANG_WARN_QUOTED_INCLUDE_IN_FRAMEWORK_HEADER = YES;
				CLANG_WARN_RANGE_LOOP_ANALYSIS = YES;
				CLANG_WARN_STRICT_PROTOTYPES = YES;
				CLANG_WARN_SUSPICIOUS_MOVE = YES;
				CLANG_WARN_UNGUARDED_AVAILABILITY = YES_AGGRESSIVE;
				CLANG_WARN_UNREACHABLE_CODE = YES;
				CLANG_WARN__DUPLICATE_METHOD_MATCH = YES;
				COPY_PHASE_STRIP = NO;
				DEBUG_INFORMATION_FORMAT = dwarf;
				ENABLE_STRICT_OBJC_MSGSEND = YES;
				ENABLE_TESTABILITY = YES;
				GCC_C_LANGUAGE_STANDARD = gnu11;
				GCC_DYNAMIC_NO_PIC = NO;
				GCC_NO_COMMON_BLOCKS = YES;
				GCC_OPTIMIZATION_LEVEL = 0;
				GCC_PREPROCESSOR_DEFINITIONS = (
					"DEBUG=1",
					"$(inherited)",
				);
				GCC_WARN_64_TO_32_BIT_CONVERSION = YES;
				GCC_WARN_ABOUT_RETURN_TYPE = YES_ERROR;
				GCC_WARN_UNDECLARED_SELECTOR = YES;
				GCC_WARN_UNINITIALIZED_AUTOS = YES_AGGRESSIVE;
				GCC_WARN_UNUSED_FUNCTION = YES;
				GCC_WARN_UNUSED_VARIABLE = YES;
				IPHONEOS_DEPLOYMENT_TARGET = 14.4;
				MTL_ENABLE_DEBUG_INFO = INCLUDE_SOURCE;
				MTL_FAST_MATH = YES;
				ONLY_ACTIVE_ARCH = YES;
				SDKROOT = iphoneos;
				SWIFT_ACTIVE_COMPILATION_CONDITIONS = DEBUG;
				SWIFT_OPTIMIZATION_LEVEL = "-Onone";
			};
			name = Debug;
		};
		BCAC22EB25F1F0DC0057D64A /* Release */ = {
			isa = XCBuildConfiguration;
			buildSettings = {
				ALWAYS_SEARCH_USER_PATHS = NO;
				CLANG_ANALYZER_NONNULL = YES;
				CLANG_ANALYZER_NUMBER_OBJECT_CONVERSION = YES_AGGRESSIVE;
				CLANG_CXX_LANGUAGE_STANDARD = "gnu++14";
				CLANG_CXX_LIBRARY = "libc++";
				CLANG_ENABLE_MODULES = YES;
				CLANG_ENABLE_OBJC_ARC = YES;
				CLANG_ENABLE_OBJC_WEAK = YES;
				CLANG_WARN_BLOCK_CAPTURE_AUTORELEASING = YES;
				CLANG_WARN_BOOL_CONVERSION = YES;
				CLANG_WARN_COMMA = YES;
				CLANG_WARN_CONSTANT_CONVERSION = YES;
				CLANG_WARN_DEPRECATED_OBJC_IMPLEMENTATIONS = YES;
				CLANG_WARN_DIRECT_OBJC_ISA_USAGE = YES_ERROR;
				CLANG_WARN_DOCUMENTATION_COMMENTS = YES;
				CLANG_WARN_EMPTY_BODY = YES;
				CLANG_WARN_ENUM_CONVERSION = YES;
				CLANG_WARN_INFINITE_RECURSION = YES;
				CLANG_WARN_INT_CONVERSION = YES;
				CLANG_WARN_NON_LITERAL_NULL_CONVERSION = YES;
				CLANG_WARN_OBJC_IMPLICIT_RETAIN_SELF = YES;
				CLANG_WARN_OBJC_LITERAL_CONVERSION = YES;
				CLANG_WARN_OBJC_ROOT_CLASS = YES_ERROR;
				CLANG_WARN_QUOTED_INCLUDE_IN_FRAMEWORK_HEADER = YES;
				CLANG_WARN_RANGE_LOOP_ANALYSIS = YES;
				CLANG_WARN_STRICT_PROTOTYPES = YES;
				CLANG_WARN_SUSPICIOUS_MOVE = YES;
				CLANG_WARN_UNGUARDED_AVAILABILITY = YES_AGGRESSIVE;
				CLANG_WARN_UNREACHABLE_CODE = YES;
				CLANG_WARN__DUPLICATE_METHOD_MATCH = YES;
				COPY_PHASE_STRIP = NO;
				DEBUG_INFORMATION_FORMAT = "dwarf-with-dsym";
				ENABLE_NS_ASSERTIONS = NO;
				ENABLE_STRICT_OBJC_MSGSEND = YES;
				GCC_C_LANGUAGE_STANDARD = gnu11;
				GCC_NO_COMMON_BLOCKS = YES;
				GCC_WARN_64_TO_32_BIT_CONVERSION = YES;
				GCC_WARN_ABOUT_RETURN_TYPE = YES_ERROR;
				GCC_WARN_UNDECLARED_SELECTOR = YES;
				GCC_WARN_UNINITIALIZED_AUTOS = YES_AGGRESSIVE;
				GCC_WARN_UNUSED_FUNCTION = YES;
				GCC_WARN_UNUSED_VARIABLE = YES;
				IPHONEOS_DEPLOYMENT_TARGET = 14.4;
				MTL_ENABLE_DEBUG_INFO = NO;
				MTL_FAST_MATH = YES;
				SDKROOT = iphoneos;
				SWIFT_COMPILATION_MODE = wholemodule;
				SWIFT_OPTIMIZATION_LEVEL = "-O";
				VALIDATE_PRODUCT = YES;
			};
			name = Release;
		};
		BCAC22ED25F1F0DC0057D64A /* Debug */ = {
			isa = XCBuildConfiguration;
			baseConfigurationReference = 775FC57AA722C0227E9BDA7B /* Pods-Therap_Test.debug.xcconfig */;
			buildSettings = {
				ASSETCATALOG_COMPILER_APPICON_NAME = AppIcon;
				ASSETCATALOG_COMPILER_GLOBAL_ACCENT_COLOR_NAME = AccentColor;
				CODE_SIGN_STYLE = Automatic;
				INFOPLIST_FILE = /Users/ove/Desktop/Project/Therap_Test/Therap_Test/App_Essentials/Info.plist;
				LD_RUNPATH_SEARCH_PATHS = (
					"$(inherited)",
					"@executable_path/Frameworks",
				);
				PRODUCT_BUNDLE_IDENTIFIER = "com.-Therap-Test.app.Therap-Test";
				PRODUCT_NAME = "$(TARGET_NAME)";
				SWIFT_VERSION = 5.0;
				TARGETED_DEVICE_FAMILY = "1,2";
			};
			name = Debug;
		};
		BCAC22EE25F1F0DC0057D64A /* Release */ = {
			isa = XCBuildConfiguration;
			baseConfigurationReference = 0B002D1CCA38150E9205AE8A /* Pods-Therap_Test.release.xcconfig */;
			buildSettings = {
				ASSETCATALOG_COMPILER_APPICON_NAME = AppIcon;
				ASSETCATALOG_COMPILER_GLOBAL_ACCENT_COLOR_NAME = AccentColor;
				CODE_SIGN_STYLE = Automatic;
				INFOPLIST_FILE = /Users/ove/Desktop/Project/Therap_Test/Therap_Test/App_Essentials/Info.plist;
				LD_RUNPATH_SEARCH_PATHS = (
					"$(inherited)",
					"@executable_path/Frameworks",
				);
				PRODUCT_BUNDLE_IDENTIFIER = "com.-Therap-Test.app.Therap-Test";
				PRODUCT_NAME = "$(TARGET_NAME)";
				SWIFT_VERSION = 5.0;
				TARGETED_DEVICE_FAMILY = "1,2";
			};
			name = Release;
		};
/* End XCBuildConfiguration section */

/* Begin XCConfigurationList section */
		BCAC22D325F1F0DC0057D64A /* Build configuration list for PBXProject "Therap_Test" */ = {
			isa = XCConfigurationList;
			buildConfigurations = (
				BCAC22EA25F1F0DC0057D64A /* Debug */,
				BCAC22EB25F1F0DC0057D64A /* Release */,
			);
			defaultConfigurationIsVisible = 0;
			defaultConfigurationName = Release;
		};
		BCAC22EC25F1F0DC0057D64A /* Build configuration list for PBXNativeTarget "Therap_Test" */ = {
			isa = XCConfigurationList;
			buildConfigurations = (
				BCAC22ED25F1F0DC0057D64A /* Debug */,
				BCAC22EE25F1F0DC0057D64A /* Release */,
			);
			defaultConfigurationIsVisible = 0;
			defaultConfigurationName = Release;
		};
/* End XCConfigurationList section */

/* Begin XCVersionGroup section */
		BCAC234B25F21C680057D64A /* Therap_Test.xcdatamodeld */ = {
			isa = XCVersionGroup;
			children = (
				BCAC234C25F21C680057D64A /* Therap_Test.xcdatamodel */,
			);
			currentVersion = BCAC234C25F21C680057D64A /* Therap_Test.xcdatamodel */;
			path = Therap_Test.xcdatamodeld;
			sourceTree = "<group>";
			versionGroupType = wrapper.xcdatamodel;
		};
/* End XCVersionGroup section */
	};
	rootObject = BCAC22D025F1F0DC0057D64A /* Project object */;
}
